// !$*UTF8*$!
{
	archiveVersion = 1;
	classes = {
	};
	objectVersion = 51;
	objects = {

/* Begin PBXBuildFile section */
		70BD26946D785FC9104D5474 /* Pods_V2EX_Swift.framework in Frameworks */ = {isa = PBXBuildFile; fileRef = FC44CCA77BE193A66A3DFDBE /* Pods_V2EX_Swift.framework */; };
		79296ECA257184990002FF68 /* AppDelegate.swift in Sources */ = {isa = PBXBuildFile; fileRef = 79296EC9257184990002FF68 /* AppDelegate.swift */; };
		79296ED3257184990002FF68 /* Assets.xcassets in Resources */ = {isa = PBXBuildFile; fileRef = 79296ED2257184990002FF68 /* Assets.xcassets */; };
		79296ED6257184990002FF68 /* LaunchScreen.storyboard in Resources */ = {isa = PBXBuildFile; fileRef = 79296ED4257184990002FF68 /* LaunchScreen.storyboard */; };
		793B508525718B730081C55E /* Type.swift in Sources */ = {isa = PBXBuildFile; fileRef = 793B508425718B730081C55E /* Type.swift */; };
		793B508825718B7E0081C55E /* Function.swift in Sources */ = {isa = PBXBuildFile; fileRef = 793B508725718B7E0081C55E /* Function.swift */; };
		793B508C25718BBD0081C55E /* Demo.json in Resources */ = {isa = PBXBuildFile; fileRef = 793B508B25718BBD0081C55E /* Demo.json */; };
		793B509325718BFB0081C55E /* AppDependency.swift in Sources */ = {isa = PBXBuildFile; fileRef = 793B509225718BFB0081C55E /* AppDependency.swift */; };
		793B509925718C8F0081C55E /* CollectionViewReactor.swift in Sources */ = {isa = PBXBuildFile; fileRef = 793B509825718C8F0081C55E /* CollectionViewReactor.swift */; };
		793B509D25718CB70081C55E /* CollectionViewController.swift in Sources */ = {isa = PBXBuildFile; fileRef = 793B509C25718CB70081C55E /* CollectionViewController.swift */; };
		793B50A225718D0B0081C55E /* HomeViewReactor.swift in Sources */ = {isa = PBXBuildFile; fileRef = 793B50A125718D0B0081C55E /* HomeViewReactor.swift */; };
		793B50A725718D820081C55E /* User.swift in Sources */ = {isa = PBXBuildFile; fileRef = 793B50A625718D820081C55E /* User.swift */; };
		793B50AA25718DBD0081C55E /* Preference.swift in Sources */ = {isa = PBXBuildFile; fileRef = 793B50A925718DBD0081C55E /* Preference.swift */; };
		793B50AE25718E0A0081C55E /* StorageExt.swift in Sources */ = {isa = PBXBuildFile; fileRef = 793B50AD25718E0A0081C55E /* StorageExt.swift */; };
		793B50B125718E690081C55E /* HomeViewController.swift in Sources */ = {isa = PBXBuildFile; fileRef = 793B50B025718E690081C55E /* HomeViewController.swift */; };
		793B50B425718F290081C55E /* StorableExt.swift in Sources */ = {isa = PBXBuildFile; fileRef = 793B50B325718F290081C55E /* StorableExt.swift */; };
		793B50B7257195AB0081C55E /* Theme.swift in Sources */ = {isa = PBXBuildFile; fileRef = 793B50B6257195AB0081C55E /* Theme.swift */; };
/* End PBXBuildFile section */

/* Begin PBXFileReference section */
		79296EC6257184990002FF68 /* V2EX-Swift.app */ = {isa = PBXFileReference; explicitFileType = wrapper.application; includeInIndex = 0; path = "V2EX-Swift.app"; sourceTree = BUILT_PRODUCTS_DIR; };
		79296EC9257184990002FF68 /* AppDelegate.swift */ = {isa = PBXFileReference; lastKnownFileType = sourcecode.swift; path = AppDelegate.swift; sourceTree = "<group>"; };
		79296ED2257184990002FF68 /* Assets.xcassets */ = {isa = PBXFileReference; lastKnownFileType = folder.assetcatalog; path = Assets.xcassets; sourceTree = "<group>"; };
		79296ED5257184990002FF68 /* Base */ = {isa = PBXFileReference; lastKnownFileType = file.storyboard; name = Base; path = Base.lproj/LaunchScreen.storyboard; sourceTree = "<group>"; };
		79296ED7257184990002FF68 /* Info.plist */ = {isa = PBXFileReference; lastKnownFileType = text.plist.xml; path = Info.plist; sourceTree = "<group>"; };
		793B508425718B730081C55E /* Type.swift */ = {isa = PBXFileReference; lastKnownFileType = sourcecode.swift; path = Type.swift; sourceTree = "<group>"; };
		793B508725718B7E0081C55E /* Function.swift */ = {isa = PBXFileReference; lastKnownFileType = sourcecode.swift; path = Function.swift; sourceTree = "<group>"; };
		793B508A25718BAD0081C55E /* readme.txt */ = {isa = PBXFileReference; lastKnownFileType = text; path = readme.txt; sourceTree = "<group>"; };
		793B508B25718BBD0081C55E /* Demo.json */ = {isa = PBXFileReference; lastKnownFileType = text.json; path = Demo.json; sourceTree = "<group>"; };
		793B509225718BFB0081C55E /* AppDependency.swift */ = {isa = PBXFileReference; lastKnownFileType = sourcecode.swift; path = AppDependency.swift; sourceTree = "<group>"; };
		793B509825718C8F0081C55E /* CollectionViewReactor.swift */ = {isa = PBXFileReference; lastKnownFileType = sourcecode.swift; path = CollectionViewReactor.swift; sourceTree = "<group>"; };
		793B509C25718CB70081C55E /* CollectionViewController.swift */ = {isa = PBXFileReference; lastKnownFileType = sourcecode.swift; path = CollectionViewController.swift; sourceTree = "<group>"; };
		793B50A125718D0B0081C55E /* HomeViewReactor.swift */ = {isa = PBXFileReference; lastKnownFileType = sourcecode.swift; path = HomeViewReactor.swift; sourceTree = "<group>"; };
		793B50A625718D820081C55E /* User.swift */ = {isa = PBXFileReference; lastKnownFileType = sourcecode.swift; path = User.swift; sourceTree = "<group>"; };
		793B50A925718DBD0081C55E /* Preference.swift */ = {isa = PBXFileReference; lastKnownFileType = sourcecode.swift; path = Preference.swift; sourceTree = "<group>"; };
		793B50AD25718E0A0081C55E /* StorageExt.swift */ = {isa = PBXFileReference; lastKnownFileType = sourcecode.swift; path = StorageExt.swift; sourceTree = "<group>"; };
		793B50B025718E690081C55E /* HomeViewController.swift */ = {isa = PBXFileReference; lastKnownFileType = sourcecode.swift; path = HomeViewController.swift; sourceTree = "<group>"; };
		793B50B325718F290081C55E /* StorableExt.swift */ = {isa = PBXFileReference; lastKnownFileType = sourcecode.swift; path = StorableExt.swift; sourceTree = "<group>"; };
		793B50B6257195AB0081C55E /* Theme.swift */ = {isa = PBXFileReference; lastKnownFileType = sourcecode.swift; path = Theme.swift; sourceTree = "<group>"; };
		E90E31DD998B17882177ED44 /* Pods-V2EX-Swift.release.xcconfig */ = {isa = PBXFileReference; includeInIndex = 1; lastKnownFileType = text.xcconfig; name = "Pods-V2EX-Swift.release.xcconfig"; path = "Target Support Files/Pods-V2EX-Swift/Pods-V2EX-Swift.release.xcconfig"; sourceTree = "<group>"; };
		F35B22B7183BD34C3CECFD48 /* Pods-V2EX-Swift.debug.xcconfig */ = {isa = PBXFileReference; includeInIndex = 1; lastKnownFileType = text.xcconfig; name = "Pods-V2EX-Swift.debug.xcconfig"; path = "Target Support Files/Pods-V2EX-Swift/Pods-V2EX-Swift.debug.xcconfig"; sourceTree = "<group>"; };
		FC44CCA77BE193A66A3DFDBE /* Pods_V2EX_Swift.framework */ = {isa = PBXFileReference; explicitFileType = wrapper.framework; includeInIndex = 0; path = Pods_V2EX_Swift.framework; sourceTree = BUILT_PRODUCTS_DIR; };
/* End PBXFileReference section */

/* Begin PBXFrameworksBuildPhase section */
		79296EC3257184990002FF68 /* Frameworks */ = {
			isa = PBXFrameworksBuildPhase;
			buildActionMask = 2147483647;
			files = (
				70BD26946D785FC9104D5474 /* Pods_V2EX_Swift.framework in Frameworks */,
			);
			runOnlyForDeploymentPostprocessing = 0;
		};
/* End PBXFrameworksBuildPhase section */

/* Begin PBXGroup section */
		4ECDE1409C33B6A2A787BC61 /* Frameworks */ = {
			isa = PBXGroup;
			children = (
				FC44CCA77BE193A66A3DFDBE /* Pods_V2EX_Swift.framework */,
			);
			name = Frameworks;
			sourceTree = "<group>";
		};
		79296EBD257184990002FF68 = {
			isa = PBXGroup;
			children = (
				79296EC8257184990002FF68 /* V2EX-Swift */,
				79296EC7257184990002FF68 /* Products */,
				94C6A39F89C7E362FF7B2CB7 /* Pods */,
				4ECDE1409C33B6A2A787BC61 /* Frameworks */,
			);
			sourceTree = "<group>";
		};
		79296EC7257184990002FF68 /* Products */ = {
			isa = PBXGroup;
			children = (
				79296EC6257184990002FF68 /* V2EX-Swift.app */,
			);
			name = Products;
			sourceTree = "<group>";
		};
		79296EC8257184990002FF68 /* V2EX-Swift */ = {
			isa = PBXGroup;
			children = (
				793B508125718B470081C55E /* Component */,
				793B508025718B3E0081C55E /* Resource */,
				793B507E25718B340081C55E /* Module */,
				79337B622571865F00A5DAF3 /* Core */,
			);
			path = "V2EX-Swift";
			sourceTree = "<group>";
		};
		79337B622571865F00A5DAF3 /* Core */ = {
			isa = PBXGroup;
			children = (
				79296EC9257184990002FF68 /* AppDelegate.swift */,
				793B509225718BFB0081C55E /* AppDependency.swift */,
				79296ED2257184990002FF68 /* Assets.xcassets */,
				79296ED7257184990002FF68 /* Info.plist */,
				79296ED4257184990002FF68 /* LaunchScreen.storyboard */,
				793B508A25718BAD0081C55E /* readme.txt */,
			);
			name = Core;
			sourceTree = "<group>";
		};
		793B507E25718B340081C55E /* Module */ = {
			isa = PBXGroup;
			children = (
				793B50A525718D620081C55E /* Model */,
				793B50A025718CF10081C55E /* Controller */,
				793B509F25718CEA0081C55E /* Reactor */,
			);
			path = Module;
			sourceTree = "<group>";
		};
		793B508025718B3E0081C55E /* Resource */ = {
			isa = PBXGroup;
			children = (
				793B508B25718BBD0081C55E /* Demo.json */,
			);
			path = Resource;
			sourceTree = "<group>";
		};
		793B508125718B470081C55E /* Component */ = {
			isa = PBXGroup;
			children = (
				793B50AC25718DFB0081C55E /* Extension */,
				793B509725718C5A0081C55E /* Base */,
				793B508325718B530081C55E /* Foundation */,
			);
			path = Component;
			sourceTree = "<group>";
		};
		793B508325718B530081C55E /* Foundation */ = {
			isa = PBXGroup;
			children = (
				793B508425718B730081C55E /* Type.swift */,
				793B508725718B7E0081C55E /* Function.swift */,
				793B50B6257195AB0081C55E /* Theme.swift */,
			);
			path = Foundation;
			sourceTree = "<group>";
		};
		793B509725718C5A0081C55E /* Base */ = {
			isa = PBXGroup;
			children = (
				793B509825718C8F0081C55E /* CollectionViewReactor.swift */,
				793B509C25718CB70081C55E /* CollectionViewController.swift */,
			);
			path = Base;
			sourceTree = "<group>";
		};
		793B509F25718CEA0081C55E /* Reactor */ = {
			isa = PBXGroup;
			children = (
				793B50A125718D0B0081C55E /* HomeViewReactor.swift */,
			);
			path = Reactor;
			sourceTree = "<group>";
		};
		793B50A025718CF10081C55E /* Controller */ = {
			isa = PBXGroup;
			children = (
				793B50B025718E690081C55E /* HomeViewController.swift */,
			);
			path = Controller;
			sourceTree = "<group>";
		};
		793B50A525718D620081C55E /* Model */ = {
			isa = PBXGroup;
			children = (
				793B50A625718D820081C55E /* User.swift */,
				793B50A925718DBD0081C55E /* Preference.swift */,
			);
			path = Model;
			sourceTree = "<group>";
		};
		793B50AC25718DFB0081C55E /* Extension */ = {
			isa = PBXGroup;
			children = (
				793B50AD25718E0A0081C55E /* StorageExt.swift */,
				793B50B325718F290081C55E /* StorableExt.swift */,
			);
			path = Extension;
			sourceTree = "<group>";
		};
		94C6A39F89C7E362FF7B2CB7 /* Pods */ = {
			isa = PBXGroup;
			children = (
				F35B22B7183BD34C3CECFD48 /* Pods-V2EX-Swift.debug.xcconfig */,
				E90E31DD998B17882177ED44 /* Pods-V2EX-Swift.release.xcconfig */,
			);
			path = Pods;
			sourceTree = "<group>";
		};
/* End PBXGroup section */

/* Begin PBXNativeTarget section */
		79296EC5257184990002FF68 /* V2EX-Swift */ = {
			isa = PBXNativeTarget;
			buildConfigurationList = 79296EDA257184990002FF68 /* Build configuration list for PBXNativeTarget "V2EX-Swift" */;
			buildPhases = (
				EA0121856865B9F381C4D4CE /* [CP] Check Pods Manifest.lock */,
				79296EC2257184990002FF68 /* Sources */,
				79296EC3257184990002FF68 /* Frameworks */,
				79296EC4257184990002FF68 /* Resources */,
				5877ED7603ED8CE36E74B672 /* [CP] Embed Pods Frameworks */,
			);
			buildRules = (
			);
			dependencies = (
			);
			name = "V2EX-Swift";
			productName = "V2EX-Swift";
			productReference = 79296EC6257184990002FF68 /* V2EX-Swift.app */;
			productType = "com.apple.product-type.application";
		};
/* End PBXNativeTarget section */

/* Begin PBXProject section */
		79296EBE257184990002FF68 /* Project object */ = {
			isa = PBXProject;
			attributes = {
				LastSwiftUpdateCheck = 1220;
				LastUpgradeCheck = 1220;
				TargetAttributes = {
					79296EC5257184990002FF68 = {
						CreatedOnToolsVersion = 12.2;
					};
				};
			};
			buildConfigurationList = 79296EC1257184990002FF68 /* Build configuration list for PBXProject "V2EX-Swift" */;
			compatibilityVersion = "Xcode 9.3";
			developmentRegion = en;
			hasScannedForEncodings = 0;
			knownRegions = (
				en,
				Base,
			);
			mainGroup = 79296EBD257184990002FF68;
			productRefGroup = 79296EC7257184990002FF68 /* Products */;
			projectDirPath = "";
			projectRoot = "";
			targets = (
				79296EC5257184990002FF68 /* V2EX-Swift */,
			);
		};
/* End PBXProject section */

/* Begin PBXResourcesBuildPhase section */
		79296EC4257184990002FF68 /* Resources */ = {
			isa = PBXResourcesBuildPhase;
			buildActionMask = 2147483647;
			files = (
				79296ED6257184990002FF68 /* LaunchScreen.storyboard in Resources */,
				79296ED3257184990002FF68 /* Assets.xcassets in Resources */,
				793B508C25718BBD0081C55E /* Demo.json in Resources */,
			);
			runOnlyForDeploymentPostprocessing = 0;
		};
/* End PBXResourcesBuildPhase section */

/* Begin PBXShellScriptBuildPhase section */
		5877ED7603ED8CE36E74B672 /* [CP] Embed Pods Frameworks */ = {
			isa = PBXShellScriptBuildPhase;
			buildActionMask = 2147483647;
			files = (
			);
			inputFileListPaths = (
				"${PODS_ROOT}/Target Support Files/Pods-V2EX-Swift/Pods-V2EX-Swift-frameworks-${CONFIGURATION}-input-files.xcfilelist",
			);
			name = "[CP] Embed Pods Frameworks";
			outputFileListPaths = (
				"${PODS_ROOT}/Target Support Files/Pods-V2EX-Swift/Pods-V2EX-Swift-frameworks-${CONFIGURATION}-output-files.xcfilelist",
			);
			runOnlyForDeploymentPostprocessing = 0;
			shellPath = /bin/sh;
			shellScript = "\"${PODS_ROOT}/Target Support Files/Pods-V2EX-Swift/Pods-V2EX-Swift-frameworks.sh\"\n";
			showEnvVarsInLog = 0;
		};
		EA0121856865B9F381C4D4CE /* [CP] Check Pods Manifest.lock */ = {
			isa = PBXShellScriptBuildPhase;
			buildActionMask = 2147483647;
			files = (
			);
			inputFileListPaths = (
			);
			inputPaths = (
				"${PODS_PODFILE_DIR_PATH}/Podfile.lock",
				"${PODS_ROOT}/Manifest.lock",
			);
			name = "[CP] Check Pods Manifest.lock";
			outputFileListPaths = (
			);
			outputPaths = (
				"$(DERIVED_FILE_DIR)/Pods-V2EX-Swift-checkManifestLockResult.txt",
			);
			runOnlyForDeploymentPostprocessing = 0;
			shellPath = /bin/sh;
			shellScript = "diff \"${PODS_PODFILE_DIR_PATH}/Podfile.lock\" \"${PODS_ROOT}/Manifest.lock\" > /dev/null\nif [ $? != 0 ] ; then\n    # print error to STDERR\n    echo \"error: The sandbox is not in sync with the Podfile.lock. Run 'pod install' or update your CocoaPods installation.\" >&2\n    exit 1\nfi\n# This output is used by Xcode 'outputs' to avoid re-running this script phase.\necho \"SUCCESS\" > \"${SCRIPT_OUTPUT_FILE_0}\"\n";
			showEnvVarsInLog = 0;
		};
/* End PBXShellScriptBuildPhase section */

/* Begin PBXSourcesBuildPhase section */
		79296EC2257184990002FF68 /* Sources */ = {
			isa = PBXSourcesBuildPhase;
			buildActionMask = 2147483647;
			files = (
				793B509D25718CB70081C55E /* CollectionViewController.swift in Sources */,
				793B50AE25718E0A0081C55E /* StorageExt.swift in Sources */,
				793B509325718BFB0081C55E /* AppDependency.swift in Sources */,
				793B509925718C8F0081C55E /* CollectionViewReactor.swift in Sources */,
				793B50B7257195AB0081C55E /* Theme.swift in Sources */,
				79296ECA257184990002FF68 /* AppDelegate.swift in Sources */,
				793B50B425718F290081C55E /* StorableExt.swift in Sources */,
				793B50A725718D820081C55E /* User.swift in Sources */,
				793B508525718B730081C55E /* Type.swift in Sources */,
				793B50B125718E690081C55E /* HomeViewController.swift in Sources */,
				793B508825718B7E0081C55E /* Function.swift in Sources */,
				793B50AA25718DBD0081C55E /* Preference.swift in Sources */,
				793B50A225718D0B0081C55E /* HomeViewReactor.swift in Sources */,
			);
			runOnlyForDeploymentPostprocessing = 0;
		};
/* End PBXSourcesBuildPhase section */

/* Begin PBXVariantGroup section */
		79296ED4257184990002FF68 /* LaunchScreen.storyboard */ = {
			isa = PBXVariantGroup;
			children = (
				79296ED5257184990002FF68 /* Base */,
			);
			name = LaunchScreen.storyboard;
			sourceTree = "<group>";
		};
/* End PBXVariantGroup section */

/* Begin XCBuildConfiguration section */
		79296ED8257184990002FF68 /* Debug */ = {
			isa = XCBuildConfiguration;
			buildSettings = {
				ALWAYS_SEARCH_USER_PATHS = NO;
				CLANG_ANALYZER_NONNULL = YES;
				CLANG_ANALYZER_NUMBER_OBJECT_CONVERSION = YES_AGGRESSIVE;
				CLANG_CXX_LANGUAGE_STANDARD = "gnu++14";
				CLANG_CXX_LIBRARY = "libc++";
				CLANG_ENABLE_MODULES = YES;
				CLANG_ENABLE_OBJC_ARC = YES;
				CLANG_ENABLE_OBJC_WEAK = YES;
				CLANG_WARN_BLOCK_CAPTURE_AUTORELEASING = YES;
				CLANG_WARN_BOOL_CONVERSION = YES;
				CLANG_WARN_COMMA = YES;
				CLANG_WARN_CONSTANT_CONVERSION = YES;
				CLANG_WARN_DEPRECATED_OBJC_IMPLEMENTATIONS = YES;
				CLANG_WARN_DIRECT_OBJC_ISA_USAGE = YES_ERROR;
				CLANG_WARN_DOCUMENTATION_COMMENTS = YES;
				CLANG_WARN_EMPTY_BODY = YES;
				CLANG_WARN_ENUM_CONVERSION = YES;
				CLANG_WARN_INFINITE_RECURSION = YES;
				CLANG_WARN_INT_CONVERSION = YES;
				CLANG_WARN_NON_LITERAL_NULL_CONVERSION = YES;
				CLANG_WARN_OBJC_IMPLICIT_RETAIN_SELF = YES;
				CLANG_WARN_OBJC_LITERAL_CONVERSION = YES;
				CLANG_WARN_OBJC_ROOT_CLASS = YES_ERROR;
				CLANG_WARN_QUOTED_INCLUDE_IN_FRAMEWORK_HEADER = YES;
				CLANG_WARN_RANGE_LOOP_ANALYSIS = YES;
				CLANG_WARN_STRICT_PROTOTYPES = YES;
				CLANG_WARN_SUSPICIOUS_MOVE = YES;
				CLANG_WARN_UNGUARDED_AVAILABILITY = YES_AGGRESSIVE;
				CLANG_WARN_UNREACHABLE_CODE = YES;
				CLANG_WARN__DUPLICATE_METHOD_MATCH = YES;
				COPY_PHASE_STRIP = NO;
				DEBUG_INFORMATION_FORMAT = dwarf;
				ENABLE_STRICT_OBJC_MSGSEND = YES;
				ENABLE_TESTABILITY = YES;
				GCC_C_LANGUAGE_STANDARD = gnu11;
				GCC_DYNAMIC_NO_PIC = NO;
				GCC_NO_COMMON_BLOCKS = YES;
				GCC_OPTIMIZATION_LEVEL = 0;
				GCC_PREPROCESSOR_DEFINITIONS = (
					"DEBUG=1",
					"$(inherited)",
				);
				GCC_WARN_64_TO_32_BIT_CONVERSION = YES;
				GCC_WARN_ABOUT_RETURN_TYPE = YES_ERROR;
				GCC_WARN_UNDECLARED_SELECTOR = YES;
				GCC_WARN_UNINITIALIZED_AUTOS = YES_AGGRESSIVE;
				GCC_WARN_UNUSED_FUNCTION = YES;
				GCC_WARN_UNUSED_VARIABLE = YES;
				IPHONEOS_DEPLOYMENT_TARGET = 14.2;
				MTL_ENABLE_DEBUG_INFO = INCLUDE_SOURCE;
				MTL_FAST_MATH = YES;
				ONLY_ACTIVE_ARCH = YES;
				SDKROOT = iphoneos;
				SWIFT_ACTIVE_COMPILATION_CONDITIONS = DEBUG;
				SWIFT_OPTIMIZATION_LEVEL = "-Onone";
			};
			name = Debug;
		};
		79296ED9257184990002FF68 /* Release */ = {
			isa = XCBuildConfiguration;
			buildSettings = {
				ALWAYS_SEARCH_USER_PATHS = NO;
				CLANG_ANALYZER_NONNULL = YES;
				CLANG_ANALYZER_NUMBER_OBJECT_CONVERSION = YES_AGGRESSIVE;
				CLANG_CXX_LANGUAGE_STANDARD = "gnu++14";
				CLANG_CXX_LIBRARY = "libc++";
				CLANG_ENABLE_MODULES = YES;
				CLANG_ENABLE_OBJC_ARC = YES;
				CLANG_ENABLE_OBJC_WEAK = YES;
				CLANG_WARN_BLOCK_CAPTURE_AUTORELEASING = YES;
				CLANG_WARN_BOOL_CONVERSION = YES;
				CLANG_WARN_COMMA = YES;
				CLANG_WARN_CONSTANT_CONVERSION = YES;
				CLANG_WARN_DEPRECATED_OBJC_IMPLEMENTATIONS = YES;
				CLANG_WARN_DIRECT_OBJC_ISA_USAGE = YES_ERROR;
				CLANG_WARN_DOCUMENTATION_COMMENTS = YES;
				CLANG_WARN_EMPTY_BODY = YES;
				CLANG_WARN_ENUM_CONVERSION = YES;
				CLANG_WARN_INFINITE_RECURSION = YES;
				CLANG_WARN_INT_CONVERSION = YES;
				CLANG_WARN_NON_LITERAL_NULL_CONVERSION = YES;
				CLANG_WARN_OBJC_IMPLICIT_RETAIN_SELF = YES;
				CLANG_WARN_OBJC_LITERAL_CONVERSION = YES;
				CLANG_WARN_OBJC_ROOT_CLASS = YES_ERROR;
				CLANG_WARN_QUOTED_INCLUDE_IN_FRAMEWORK_HEADER = YES;
				CLANG_WARN_RANGE_LOOP_ANALYSIS = YES;
				CLANG_WARN_STRICT_PROTOTYPES = YES;
				CLANG_WARN_SUSPICIOUS_MOVE = YES;
				CLANG_WARN_UNGUARDED_AVAILABILITY = YES_AGGRESSIVE;
				CLANG_WARN_UNREACHABLE_CODE = YES;
				CLANG_WARN__DUPLICATE_METHOD_MATCH = YES;
				COPY_PHASE_STRIP = NO;
				DEBUG_INFORMATION_FORMAT = "dwarf-with-dsym";
				ENABLE_NS_ASSERTIONS = NO;
				ENABLE_STRICT_OBJC_MSGSEND = YES;
				GCC_C_LANGUAGE_STANDARD = gnu11;
				GCC_NO_COMMON_BLOCKS = YES;
				GCC_WARN_64_TO_32_BIT_CONVERSION = YES;
				GCC_WARN_ABOUT_RETURN_TYPE = YES_ERROR;
				GCC_WARN_UNDECLARED_SELECTOR = YES;
				GCC_WARN_UNINITIALIZED_AUTOS = YES_AGGRESSIVE;
				GCC_WARN_UNUSED_FUNCTION = YES;
				GCC_WARN_UNUSED_VARIABLE = YES;
				IPHONEOS_DEPLOYMENT_TARGET = 14.2;
				MTL_ENABLE_DEBUG_INFO = NO;
				MTL_FAST_MATH = YES;
				SDKROOT = iphoneos;
				SWIFT_COMPILATION_MODE = wholemodule;
				SWIFT_OPTIMIZATION_LEVEL = "-O";
				VALIDATE_PRODUCT = YES;
			};
			name = Release;
		};
		79296EDB257184990002FF68 /* Debug */ = {
			isa = XCBuildConfiguration;
			baseConfigurationReference = F35B22B7183BD34C3CECFD48 /* Pods-V2EX-Swift.debug.xcconfig */;
			buildSettings = {
				ASSETCATALOG_COMPILER_APPICON_NAME = AppIcon;
				ASSETCATALOG_COMPILER_GLOBAL_ACCENT_COLOR_NAME = AccentColor;
				CODE_SIGN_STYLE = Automatic;
				DEVELOPMENT_TEAM = WDE622528T;
				INFOPLIST_FILE = "V2EX-Swift/Info.plist";
				IPHONEOS_DEPLOYMENT_TARGET = 11.0;
				LD_RUNPATH_SEARCH_PATHS = (
					"$(inherited)",
					"@executable_path/Frameworks",
				);
				MARKETING_VERSION = 1.0.0;
				PRODUCT_BUNDLE_IDENTIFIER = com.tospery.v2exswift;
				PRODUCT_NAME = "$(TARGET_NAME)";
				SWIFT_VERSION = 5.0;
				TARGETED_DEVICE_FAMILY = 1;
			};
			name = Debug;
		};
		79296EDC257184990002FF68 /* Release */ = {
			isa = XCBuildConfiguration;
			baseConfigurationReference = E90E31DD998B17882177ED44 /* Pods-V2EX-Swift.release.xcconfig */;
			buildSettings = {
				ASSETCATALOG_COMPILER_APPICON_NAME = AppIcon;
				ASSETCATALOG_COMPILER_GLOBAL_ACCENT_COLOR_NAME = AccentColor;
				CODE_SIGN_STYLE = Automatic;
				DEVELOPMENT_TEAM = WDE622528T;
				INFOPLIST_FILE = "V2EX-Swift/Info.plist";
				IPHONEOS_DEPLOYMENT_TARGET = 11.0;
				LD_RUNPATH_SEARCH_PATHS = (
					"$(inherited)",
					"@executable_path/Frameworks",
				);
				MARKETING_VERSION = 1.0.0;
				PRODUCT_BUNDLE_IDENTIFIER = com.tospery.v2exswift;
				PRODUCT_NAME = "$(TARGET_NAME)";
				SWIFT_VERSION = 5.0;
				TARGETED_DEVICE_FAMILY = 1;
			};
			name = Release;
		};
/* End XCBuildConfiguration section */

/* Begin XCConfigurationList section */
		79296EC1257184990002FF68 /* Build configuration list for PBXProject "V2EX-Swift" */ = {
			isa = XCConfigurationList;
			buildConfigurations = (
				79296ED8257184990002FF68 /* Debug */,
				79296ED9257184990002FF68 /* Release */,
			);
			defaultConfigurationIsVisible = 0;
			defaultConfigurationName = Release;
		};
		79296EDA257184990002FF68 /* Build configuration list for PBXNativeTarget "V2EX-Swift" */ = {
			isa = XCConfigurationList;
			buildConfigurations = (
				79296EDB257184990002FF68 /* Debug */,
				79296EDC257184990002FF68 /* Release */,
			);
			defaultConfigurationIsVisible = 0;
			defaultConfigurationName = Release;
		};
/* End XCConfigurationList section */
	};
	rootObject = 79296EBE257184990002FF68 /* Project object */;
}
