// !$*UTF8*$!
{
	archiveVersion = 1;
	classes = {
	};
	objectVersion = 51;
	objects = {

/* Begin PBXBuildFile section */
		70BD26946D785FC9104D5474 /* Pods_V2EX_Swift.framework in Frameworks */ = {isa = PBXBuildFile; fileRef = FC44CCA77BE193A66A3DFDBE /* Pods_V2EX_Swift.framework */; };
		79296ECA257184990002FF68 /* AppDelegate.swift in Sources */ = {isa = PBXBuildFile; fileRef = 79296EC9257184990002FF68 /* AppDelegate.swift */; };
		79296ED3257184990002FF68 /* Assets.xcassets in Resources */ = {isa = PBXBuildFile; fileRef = 79296ED2257184990002FF68 /* Assets.xcassets */; };
		79296ED6257184990002FF68 /* LaunchScreen.storyboard in Resources */ = {isa = PBXBuildFile; fileRef = 79296ED4257184990002FF68 /* LaunchScreen.storyboard */; };
		793B508525718B730081C55E /* Type.swift in Sources */ = {isa = PBXBuildFile; fileRef = 793B508425718B730081C55E /* Type.swift */; };
		793B508825718B7E0081C55E /* Function.swift in Sources */ = {isa = PBXBuildFile; fileRef = 793B508725718B7E0081C55E /* Function.swift */; };
		793B508C25718BBD0081C55E /* Demo.json in Resources */ = {isa = PBXBuildFile; fileRef = 793B508B25718BBD0081C55E /* Demo.json */; };
		793B509325718BFB0081C55E /* AppDependency.swift in Sources */ = {isa = PBXBuildFile; fileRef = 793B509225718BFB0081C55E /* AppDependency.swift */; };
		793B509925718C8F0081C55E /* CollectionViewReactor.swift in Sources */ = {isa = PBXBuildFile; fileRef = 793B509825718C8F0081C55E /* CollectionViewReactor.swift */; };
		793B509D25718CB70081C55E /* CollectionViewController.swift in Sources */ = {isa = PBXBuildFile; fileRef = 793B509C25718CB70081C55E /* CollectionViewController.swift */; };
		793B50A225718D0B0081C55E /* HomeViewReactor.swift in Sources */ = {isa = PBXBuildFile; fileRef = 793B50A125718D0B0081C55E /* HomeViewReactor.swift */; };
		793B50A725718D820081C55E /* User.swift in Sources */ = {isa = PBXBuildFile; fileRef = 793B50A625718D820081C55E /* User.swift */; };
		793B50AA25718DBD0081C55E /* Preference.swift in Sources */ = {isa = PBXBuildFile; fileRef = 793B50A925718DBD0081C55E /* Preference.swift */; };
		793B50B125718E690081C55E /* HomeViewController.swift in Sources */ = {isa = PBXBuildFile; fileRef = 793B50B025718E690081C55E /* HomeViewController.swift */; };
		793B50B425718F290081C55E /* StorableExt.swift in Sources */ = {isa = PBXBuildFile; fileRef = 793B50B325718F290081C55E /* StorableExt.swift */; };
		793B50B7257195AB0081C55E /* Theme.swift in Sources */ = {isa = PBXBuildFile; fileRef = 793B50B6257195AB0081C55E /* Theme.swift */; };
		79B05EC82571AD02001339B0 /* Localizable.strings in Resources */ = {isa = PBXBuildFile; fileRef = 79B05EC72571AD02001339B0 /* Localizable.strings */; };
		79B05ECF2571AD87001339B0 /* OCHelper.m in Sources */ = {isa = PBXBuildFile; fileRef = 79B05ECE2571AD87001339B0 /* OCHelper.m */; };
		79B05EFF2571B188001339B0 /* R.generated.swift in Sources */ = {isa = PBXBuildFile; fileRef = 79B05EFE2571B188001339B0 /* R.generated.swift */; };
		79B05F2E2571B4EC001339B0 /* CollectionItem.swift in Sources */ = {isa = PBXBuildFile; fileRef = 79B05F2D2571B4EC001339B0 /* CollectionItem.swift */; };
		79B05F312571B52E001339B0 /* CollectionCell.swift in Sources */ = {isa = PBXBuildFile; fileRef = 79B05F302571B52E001339B0 /* CollectionCell.swift */; };
		79B05F342571B561001339B0 /* SupplementaryReactor.swift in Sources */ = {isa = PBXBuildFile; fileRef = 79B05F332571B561001339B0 /* SupplementaryReactor.swift */; };
		79B05F372571B57A001339B0 /* SupplementaryView.swift in Sources */ = {isa = PBXBuildFile; fileRef = 79B05F362571B57A001339B0 /* SupplementaryView.swift */; };
		79B05F3B2571B5C9001339B0 /* SimpleItem.swift in Sources */ = {isa = PBXBuildFile; fileRef = 79B05F3A2571B5C9001339B0 /* SimpleItem.swift */; };
		79B05F412571B5D8001339B0 /* SimpleCell.swift in Sources */ = {isa = PBXBuildFile; fileRef = 79B05F402571B5D8001339B0 /* SimpleCell.swift */; };
		79B05F462571B68A001339B0 /* Section.swift in Sources */ = {isa = PBXBuildFile; fileRef = 79B05F452571B68A001339B0 /* Section.swift */; };
		79B05F4A2571B943001339B0 /* GeneralViewReactor.swift in Sources */ = {isa = PBXBuildFile; fileRef = 79B05F492571B943001339B0 /* GeneralViewReactor.swift */; };
		79B05F4D2571B94E001339B0 /* GeneralViewController.swift in Sources */ = {isa = PBXBuildFile; fileRef = 79B05F4C2571B94E001339B0 /* GeneralViewController.swift */; };
		79B05F502571B9D2001339B0 /* MineViewReactor.swift in Sources */ = {isa = PBXBuildFile; fileRef = 79B05F4F2571B9D2001339B0 /* MineViewReactor.swift */; };
		79B05F532571B9DE001339B0 /* MineViewController.swift in Sources */ = {isa = PBXBuildFile; fileRef = 79B05F522571B9DE001339B0 /* MineViewController.swift */; };
		79B05F562571BA58001339B0 /* TabBarReactor.swift in Sources */ = {isa = PBXBuildFile; fileRef = 79B05F552571BA58001339B0 /* TabBarReactor.swift */; };
		79B05F592571BA64001339B0 /* TabBarController.swift in Sources */ = {isa = PBXBuildFile; fileRef = 79B05F582571BA64001339B0 /* TabBarController.swift */; };
		79B05F5C2571BBA7001339B0 /* Library.swift in Sources */ = {isa = PBXBuildFile; fileRef = 79B05F5B2571BBA7001339B0 /* Library.swift */; };
		79B05F5F2571BBB3001339B0 /* Runtime.swift in Sources */ = {isa = PBXBuildFile; fileRef = 79B05F5E2571BBB3001339B0 /* Runtime.swift */; };
		79B05F622571BBBE001339B0 /* Router.swift in Sources */ = {isa = PBXBuildFile; fileRef = 79B05F612571BBBE001339B0 /* Router.swift */; };
		79B05F652571BBCA001339B0 /* Appearance.swift in Sources */ = {isa = PBXBuildFile; fileRef = 79B05F642571BBCA001339B0 /* Appearance.swift */; };
		79B05F682571BBD6001339B0 /* Error.swift in Sources */ = {isa = PBXBuildFile; fileRef = 79B05F672571BBD6001339B0 /* Error.swift */; };
		79B05F6B2571BC87001339B0 /* UIApplicationExt.swift in Sources */ = {isa = PBXBuildFile; fileRef = 79B05F6A2571BC87001339B0 /* UIApplicationExt.swift */; };
		79B05F6E2571BCCC001339B0 /* BaseViewControllerExt.swift in Sources */ = {isa = PBXBuildFile; fileRef = 79B05F6D2571BCCC001339B0 /* BaseViewControllerExt.swift */; };
/* End PBXBuildFile section */

/* Begin PBXFileReference section */
		79296EC6257184990002FF68 /* V2EX-Swift.app */ = {isa = PBXFileReference; explicitFileType = wrapper.application; includeInIndex = 0; path = "V2EX-Swift.app"; sourceTree = BUILT_PRODUCTS_DIR; };
		79296EC9257184990002FF68 /* AppDelegate.swift */ = {isa = PBXFileReference; lastKnownFileType = sourcecode.swift; path = AppDelegate.swift; sourceTree = "<group>"; };
		79296ED2257184990002FF68 /* Assets.xcassets */ = {isa = PBXFileReference; lastKnownFileType = folder.assetcatalog; path = Assets.xcassets; sourceTree = "<group>"; };
		79296ED5257184990002FF68 /* Base */ = {isa = PBXFileReference; lastKnownFileType = file.storyboard; name = Base; path = Base.lproj/LaunchScreen.storyboard; sourceTree = "<group>"; };
		79296ED7257184990002FF68 /* Info.plist */ = {isa = PBXFileReference; lastKnownFileType = text.plist.xml; path = Info.plist; sourceTree = "<group>"; };
		793B508425718B730081C55E /* Type.swift */ = {isa = PBXFileReference; lastKnownFileType = sourcecode.swift; path = Type.swift; sourceTree = "<group>"; };
		793B508725718B7E0081C55E /* Function.swift */ = {isa = PBXFileReference; lastKnownFileType = sourcecode.swift; path = Function.swift; sourceTree = "<group>"; };
		793B508A25718BAD0081C55E /* readme.txt */ = {isa = PBXFileReference; lastKnownFileType = text; path = readme.txt; sourceTree = "<group>"; };
		793B508B25718BBD0081C55E /* Demo.json */ = {isa = PBXFileReference; lastKnownFileType = text.json; path = Demo.json; sourceTree = "<group>"; };
		793B509225718BFB0081C55E /* AppDependency.swift */ = {isa = PBXFileReference; lastKnownFileType = sourcecode.swift; path = AppDependency.swift; sourceTree = "<group>"; };
		793B509825718C8F0081C55E /* CollectionViewReactor.swift */ = {isa = PBXFileReference; lastKnownFileType = sourcecode.swift; path = CollectionViewReactor.swift; sourceTree = "<group>"; };
		793B509C25718CB70081C55E /* CollectionViewController.swift */ = {isa = PBXFileReference; lastKnownFileType = sourcecode.swift; path = CollectionViewController.swift; sourceTree = "<group>"; };
		793B50A125718D0B0081C55E /* HomeViewReactor.swift */ = {isa = PBXFileReference; lastKnownFileType = sourcecode.swift; path = HomeViewReactor.swift; sourceTree = "<group>"; };
		793B50A625718D820081C55E /* User.swift */ = {isa = PBXFileReference; lastKnownFileType = sourcecode.swift; path = User.swift; sourceTree = "<group>"; };
		793B50A925718DBD0081C55E /* Preference.swift */ = {isa = PBXFileReference; lastKnownFileType = sourcecode.swift; path = Preference.swift; sourceTree = "<group>"; };
		793B50B025718E690081C55E /* HomeViewController.swift */ = {isa = PBXFileReference; lastKnownFileType = sourcecode.swift; path = HomeViewController.swift; sourceTree = "<group>"; };
		793B50B325718F290081C55E /* StorableExt.swift */ = {isa = PBXFileReference; lastKnownFileType = sourcecode.swift; path = StorableExt.swift; sourceTree = "<group>"; };
		793B50B6257195AB0081C55E /* Theme.swift */ = {isa = PBXFileReference; lastKnownFileType = sourcecode.swift; path = Theme.swift; sourceTree = "<group>"; };
		79B05EBD2571AC1B001339B0 /* .swiftlint.yml */ = {isa = PBXFileReference; lastKnownFileType = text.yaml; path = .swiftlint.yml; sourceTree = SOURCE_ROOT; };
		79B05EC72571AD02001339B0 /* Localizable.strings */ = {isa = PBXFileReference; lastKnownFileType = text.plist.strings; path = Localizable.strings; sourceTree = "<group>"; };
		79B05ECA2571AD3A001339B0 /* OC-Bridging-Header.h */ = {isa = PBXFileReference; lastKnownFileType = sourcecode.c.h; path = "OC-Bridging-Header.h"; sourceTree = "<group>"; };
		79B05ECD2571AD87001339B0 /* OCHelper.h */ = {isa = PBXFileReference; lastKnownFileType = sourcecode.c.h; path = OCHelper.h; sourceTree = "<group>"; };
		79B05ECE2571AD87001339B0 /* OCHelper.m */ = {isa = PBXFileReference; lastKnownFileType = sourcecode.c.objc; path = OCHelper.m; sourceTree = "<group>"; };
		79B05EFE2571B188001339B0 /* R.generated.swift */ = {isa = PBXFileReference; fileEncoding = 4; lastKnownFileType = sourcecode.swift; path = R.generated.swift; sourceTree = "<group>"; };
		79B05F2D2571B4EC001339B0 /* CollectionItem.swift */ = {isa = PBXFileReference; lastKnownFileType = sourcecode.swift; path = CollectionItem.swift; sourceTree = "<group>"; };
		79B05F302571B52E001339B0 /* CollectionCell.swift */ = {isa = PBXFileReference; lastKnownFileType = sourcecode.swift; path = CollectionCell.swift; sourceTree = "<group>"; };
		79B05F332571B561001339B0 /* SupplementaryReactor.swift */ = {isa = PBXFileReference; lastKnownFileType = sourcecode.swift; path = SupplementaryReactor.swift; sourceTree = "<group>"; };
		79B05F362571B57A001339B0 /* SupplementaryView.swift */ = {isa = PBXFileReference; lastKnownFileType = sourcecode.swift; path = SupplementaryView.swift; sourceTree = "<group>"; };
		79B05F3A2571B5C9001339B0 /* SimpleItem.swift */ = {isa = PBXFileReference; lastKnownFileType = sourcecode.swift; path = SimpleItem.swift; sourceTree = "<group>"; };
		79B05F402571B5D8001339B0 /* SimpleCell.swift */ = {isa = PBXFileReference; lastKnownFileType = sourcecode.swift; path = SimpleCell.swift; sourceTree = "<group>"; };
		79B05F452571B68A001339B0 /* Section.swift */ = {isa = PBXFileReference; lastKnownFileType = sourcecode.swift; path = Section.swift; sourceTree = "<group>"; };
		79B05F492571B943001339B0 /* GeneralViewReactor.swift */ = {isa = PBXFileReference; lastKnownFileType = sourcecode.swift; path = GeneralViewReactor.swift; sourceTree = "<group>"; };
		79B05F4C2571B94E001339B0 /* GeneralViewController.swift */ = {isa = PBXFileReference; lastKnownFileType = sourcecode.swift; path = GeneralViewController.swift; sourceTree = "<group>"; };
		79B05F4F2571B9D2001339B0 /* MineViewReactor.swift */ = {isa = PBXFileReference; lastKnownFileType = sourcecode.swift; path = MineViewReactor.swift; sourceTree = "<group>"; };
		79B05F522571B9DE001339B0 /* MineViewController.swift */ = {isa = PBXFileReference; lastKnownFileType = sourcecode.swift; path = MineViewController.swift; sourceTree = "<group>"; };
		79B05F552571BA58001339B0 /* TabBarReactor.swift */ = {isa = PBXFileReference; lastKnownFileType = sourcecode.swift; path = TabBarReactor.swift; sourceTree = "<group>"; };
		79B05F582571BA64001339B0 /* TabBarController.swift */ = {isa = PBXFileReference; lastKnownFileType = sourcecode.swift; path = TabBarController.swift; sourceTree = "<group>"; };
		79B05F5B2571BBA7001339B0 /* Library.swift */ = {isa = PBXFileReference; lastKnownFileType = sourcecode.swift; path = Library.swift; sourceTree = "<group>"; };
		79B05F5E2571BBB3001339B0 /* Runtime.swift */ = {isa = PBXFileReference; lastKnownFileType = sourcecode.swift; path = Runtime.swift; sourceTree = "<group>"; };
		79B05F612571BBBE001339B0 /* Router.swift */ = {isa = PBXFileReference; lastKnownFileType = sourcecode.swift; path = Router.swift; sourceTree = "<group>"; };
		79B05F642571BBCA001339B0 /* Appearance.swift */ = {isa = PBXFileReference; lastKnownFileType = sourcecode.swift; path = Appearance.swift; sourceTree = "<group>"; };
		79B05F672571BBD6001339B0 /* Error.swift */ = {isa = PBXFileReference; lastKnownFileType = sourcecode.swift; path = Error.swift; sourceTree = "<group>"; };
		79B05F6A2571BC87001339B0 /* UIApplicationExt.swift */ = {isa = PBXFileReference; lastKnownFileType = sourcecode.swift; path = UIApplicationExt.swift; sourceTree = "<group>"; };
		79B05F6D2571BCCC001339B0 /* BaseViewControllerExt.swift */ = {isa = PBXFileReference; lastKnownFileType = sourcecode.swift; path = BaseViewControllerExt.swift; sourceTree = "<group>"; };
		E90E31DD998B17882177ED44 /* Pods-V2EX-Swift.release.xcconfig */ = {isa = PBXFileReference; includeInIndex = 1; lastKnownFileType = text.xcconfig; name = "Pods-V2EX-Swift.release.xcconfig"; path = "Target Support Files/Pods-V2EX-Swift/Pods-V2EX-Swift.release.xcconfig"; sourceTree = "<group>"; };
		F35B22B7183BD34C3CECFD48 /* Pods-V2EX-Swift.debug.xcconfig */ = {isa = PBXFileReference; includeInIndex = 1; lastKnownFileType = text.xcconfig; name = "Pods-V2EX-Swift.debug.xcconfig"; path = "Target Support Files/Pods-V2EX-Swift/Pods-V2EX-Swift.debug.xcconfig"; sourceTree = "<group>"; };
		FC44CCA77BE193A66A3DFDBE /* Pods_V2EX_Swift.framework */ = {isa = PBXFileReference; explicitFileType = wrapper.framework; includeInIndex = 0; path = Pods_V2EX_Swift.framework; sourceTree = BUILT_PRODUCTS_DIR; };
/* End PBXFileReference section */

/* Begin PBXFrameworksBuildPhase section */
		79296EC3257184990002FF68 /* Frameworks */ = {
			isa = PBXFrameworksBuildPhase;
			buildActionMask = 2147483647;
			files = (
				70BD26946D785FC9104D5474 /* Pods_V2EX_Swift.framework in Frameworks */,
			);
			runOnlyForDeploymentPostprocessing = 0;
		};
/* End PBXFrameworksBuildPhase section */

/* Begin PBXGroup section */
		4ECDE1409C33B6A2A787BC61 /* Frameworks */ = {
			isa = PBXGroup;
			children = (
				FC44CCA77BE193A66A3DFDBE /* Pods_V2EX_Swift.framework */,
			);
			name = Frameworks;
			sourceTree = "<group>";
		};
		79296EBD257184990002FF68 = {
			isa = PBXGroup;
			children = (
				79296EC8257184990002FF68 /* V2EX-Swift */,
				79296EC7257184990002FF68 /* Products */,
				94C6A39F89C7E362FF7B2CB7 /* Pods */,
				4ECDE1409C33B6A2A787BC61 /* Frameworks */,
			);
			sourceTree = "<group>";
		};
		79296EC7257184990002FF68 /* Products */ = {
			isa = PBXGroup;
			children = (
				79296EC6257184990002FF68 /* V2EX-Swift.app */,
			);
			name = Products;
			sourceTree = "<group>";
		};
		79296EC8257184990002FF68 /* V2EX-Swift */ = {
			isa = PBXGroup;
			children = (
				793B508125718B470081C55E /* Component */,
				793B508025718B3E0081C55E /* Resource */,
				793B507E25718B340081C55E /* Module */,
				79337B622571865F00A5DAF3 /* Core */,
			);
			path = "V2EX-Swift";
			sourceTree = "<group>";
		};
		79337B622571865F00A5DAF3 /* Core */ = {
			isa = PBXGroup;
			children = (
				79B05EFE2571B188001339B0 /* R.generated.swift */,
				79B05EBD2571AC1B001339B0 /* .swiftlint.yml */,
				79296EC9257184990002FF68 /* AppDelegate.swift */,
				793B509225718BFB0081C55E /* AppDependency.swift */,
				79296ED2257184990002FF68 /* Assets.xcassets */,
				79296ED7257184990002FF68 /* Info.plist */,
				79296ED4257184990002FF68 /* LaunchScreen.storyboard */,
				793B508A25718BAD0081C55E /* readme.txt */,
				79B05EC72571AD02001339B0 /* Localizable.strings */,
				79B05ECA2571AD3A001339B0 /* OC-Bridging-Header.h */,
			);
			name = Core;
			sourceTree = "<group>";
		};
		793B507E25718B340081C55E /* Module */ = {
			isa = PBXGroup;
			children = (
				79B05F442571B66A001339B0 /* Section */,
				79B05F3E2571B5CD001339B0 /* Cell */,
				79B05F392571B5B4001339B0 /* Item */,
				793B50A525718D620081C55E /* Model */,
				793B50A025718CF10081C55E /* Controller */,
				793B509F25718CEA0081C55E /* Reactor */,
			);
			path = Module;
			sourceTree = "<group>";
		};
		793B508025718B3E0081C55E /* Resource */ = {
			isa = PBXGroup;
			children = (
				793B508B25718BBD0081C55E /* Demo.json */,
			);
			path = Resource;
			sourceTree = "<group>";
		};
		793B508125718B470081C55E /* Component */ = {
			isa = PBXGroup;
			children = (
				79B05ECC2571AD76001339B0 /* ObjC */,
				793B50AC25718DFB0081C55E /* Extension */,
				793B509725718C5A0081C55E /* Collection */,
				793B508325718B530081C55E /* Foundation */,
			);
			path = Component;
			sourceTree = "<group>";
		};
		793B508325718B530081C55E /* Foundation */ = {
			isa = PBXGroup;
			children = (
				793B508425718B730081C55E /* Type.swift */,
				793B508725718B7E0081C55E /* Function.swift */,
				793B50B6257195AB0081C55E /* Theme.swift */,
				79B05F5B2571BBA7001339B0 /* Library.swift */,
				79B05F5E2571BBB3001339B0 /* Runtime.swift */,
				79B05F612571BBBE001339B0 /* Router.swift */,
				79B05F642571BBCA001339B0 /* Appearance.swift */,
				79B05F672571BBD6001339B0 /* Error.swift */,
			);
			path = Foundation;
			sourceTree = "<group>";
		};
		793B509725718C5A0081C55E /* Collection */ = {
			isa = PBXGroup;
			children = (
				793B509825718C8F0081C55E /* CollectionViewReactor.swift */,
				793B509C25718CB70081C55E /* CollectionViewController.swift */,
				79B05F2D2571B4EC001339B0 /* CollectionItem.swift */,
				79B05F302571B52E001339B0 /* CollectionCell.swift */,
				79B05F332571B561001339B0 /* SupplementaryReactor.swift */,
				79B05F362571B57A001339B0 /* SupplementaryView.swift */,
			);
			path = Collection;
			sourceTree = "<group>";
		};
		793B509F25718CEA0081C55E /* Reactor */ = {
			isa = PBXGroup;
			children = (
				793B50A125718D0B0081C55E /* HomeViewReactor.swift */,
				79B05F492571B943001339B0 /* GeneralViewReactor.swift */,
				79B05F4F2571B9D2001339B0 /* MineViewReactor.swift */,
				79B05F552571BA58001339B0 /* TabBarReactor.swift */,
			);
			path = Reactor;
			sourceTree = "<group>";
		};
		793B50A025718CF10081C55E /* Controller */ = {
			isa = PBXGroup;
			children = (
				793B50B025718E690081C55E /* HomeViewController.swift */,
				79B05F4C2571B94E001339B0 /* GeneralViewController.swift */,
				79B05F522571B9DE001339B0 /* MineViewController.swift */,
				79B05F582571BA64001339B0 /* TabBarController.swift */,
			);
			path = Controller;
			sourceTree = "<group>";
		};
		793B50A525718D620081C55E /* Model */ = {
			isa = PBXGroup;
			children = (
				793B50A625718D820081C55E /* User.swift */,
				793B50A925718DBD0081C55E /* Preference.swift */,
			);
			path = Model;
			sourceTree = "<group>";
		};
		793B50AC25718DFB0081C55E /* Extension */ = {
			isa = PBXGroup;
			children = (
				793B50B325718F290081C55E /* StorableExt.swift */,
				79B05F6A2571BC87001339B0 /* UIApplicationExt.swift */,
				79B05F6D2571BCCC001339B0 /* BaseViewControllerExt.swift */,
			);
			path = Extension;
			sourceTree = "<group>";
		};
		79B05ECC2571AD76001339B0 /* ObjC */ = {
			isa = PBXGroup;
			children = (
				79B05ECD2571AD87001339B0 /* OCHelper.h */,
				79B05ECE2571AD87001339B0 /* OCHelper.m */,
			);
			path = ObjC;
			sourceTree = "<group>";
		};
		79B05F392571B5B4001339B0 /* Item */ = {
			isa = PBXGroup;
			children = (
				79B05F3A2571B5C9001339B0 /* SimpleItem.swift */,
			);
			path = Item;
			sourceTree = "<group>";
		};
		79B05F3E2571B5CD001339B0 /* Cell */ = {
			isa = PBXGroup;
			children = (
				79B05F402571B5D8001339B0 /* SimpleCell.swift */,
			);
			path = Cell;
			sourceTree = "<group>";
		};
		79B05F442571B66A001339B0 /* Section */ = {
			isa = PBXGroup;
			children = (
				79B05F452571B68A001339B0 /* Section.swift */,
			);
			path = Section;
			sourceTree = "<group>";
		};
		94C6A39F89C7E362FF7B2CB7 /* Pods */ = {
			isa = PBXGroup;
			children = (
				F35B22B7183BD34C3CECFD48 /* Pods-V2EX-Swift.debug.xcconfig */,
				E90E31DD998B17882177ED44 /* Pods-V2EX-Swift.release.xcconfig */,
			);
			path = Pods;
			sourceTree = "<group>";
		};
/* End PBXGroup section */

/* Begin PBXNativeTarget section */
		79296EC5257184990002FF68 /* V2EX-Swift */ = {
			isa = PBXNativeTarget;
			buildConfigurationList = 79296EDA257184990002FF68 /* Build configuration list for PBXNativeTarget "V2EX-Swift" */;
			buildPhases = (
				EA0121856865B9F381C4D4CE /* [CP] Check Pods Manifest.lock */,
				79B05EC02571AC5F001339B0 /* SwiftLint */,
				79B05EC12571AC92001339B0 /* R.swift */,
				79296EC2257184990002FF68 /* Sources */,
				79296EC3257184990002FF68 /* Frameworks */,
				79296EC4257184990002FF68 /* Resources */,
				5877ED7603ED8CE36E74B672 /* [CP] Embed Pods Frameworks */,
			);
			buildRules = (
			);
			dependencies = (
			);
			name = "V2EX-Swift";
			productName = "V2EX-Swift";
			productReference = 79296EC6257184990002FF68 /* V2EX-Swift.app */;
			productType = "com.apple.product-type.application";
		};
/* End PBXNativeTarget section */

/* Begin PBXProject section */
		79296EBE257184990002FF68 /* Project object */ = {
			isa = PBXProject;
			attributes = {
				LastSwiftUpdateCheck = 1220;
				LastUpgradeCheck = 1220;
				TargetAttributes = {
					79296EC5257184990002FF68 = {
						CreatedOnToolsVersion = 12.2;
					};
				};
			};
			buildConfigurationList = 79296EC1257184990002FF68 /* Build configuration list for PBXProject "V2EX-Swift" */;
			compatibilityVersion = "Xcode 9.3";
			developmentRegion = en;
			hasScannedForEncodings = 0;
			knownRegions = (
				en,
				Base,
			);
			mainGroup = 79296EBD257184990002FF68;
			productRefGroup = 79296EC7257184990002FF68 /* Products */;
			projectDirPath = "";
			projectRoot = "";
			targets = (
				79296EC5257184990002FF68 /* V2EX-Swift */,
			);
		};
/* End PBXProject section */

/* Begin PBXResourcesBuildPhase section */
		79296EC4257184990002FF68 /* Resources */ = {
			isa = PBXResourcesBuildPhase;
			buildActionMask = 2147483647;
			files = (
				79296ED6257184990002FF68 /* LaunchScreen.storyboard in Resources */,
				79B05EC82571AD02001339B0 /* Localizable.strings in Resources */,
				79296ED3257184990002FF68 /* Assets.xcassets in Resources */,
				793B508C25718BBD0081C55E /* Demo.json in Resources */,
			);
			runOnlyForDeploymentPostprocessing = 0;
		};
/* End PBXResourcesBuildPhase section */

/* Begin PBXShellScriptBuildPhase section */
		5877ED7603ED8CE36E74B672 /* [CP] Embed Pods Frameworks */ = {
			isa = PBXShellScriptBuildPhase;
			buildActionMask = 2147483647;
			files = (
			);
			inputFileListPaths = (
				"${PODS_ROOT}/Target Support Files/Pods-V2EX-Swift/Pods-V2EX-Swift-frameworks-${CONFIGURATION}-input-files.xcfilelist",
			);
			name = "[CP] Embed Pods Frameworks";
			outputFileListPaths = (
				"${PODS_ROOT}/Target Support Files/Pods-V2EX-Swift/Pods-V2EX-Swift-frameworks-${CONFIGURATION}-output-files.xcfilelist",
			);
			runOnlyForDeploymentPostprocessing = 0;
			shellPath = /bin/sh;
			shellScript = "\"${PODS_ROOT}/Target Support Files/Pods-V2EX-Swift/Pods-V2EX-Swift-frameworks.sh\"\n";
			showEnvVarsInLog = 0;
		};
		79B05EC02571AC5F001339B0 /* SwiftLint */ = {
			isa = PBXShellScriptBuildPhase;
			buildActionMask = 2147483647;
			files = (
			);
			inputFileListPaths = (
			);
			inputPaths = (
			);
			name = SwiftLint;
			outputFileListPaths = (
			);
			outputPaths = (
			);
			runOnlyForDeploymentPostprocessing = 0;
			shellPath = /bin/sh;
			shellScript = "${PODS_ROOT}/SwiftLint/swiftlint\n";
		};
		79B05EC12571AC92001339B0 /* R.swift */ = {
			isa = PBXShellScriptBuildPhase;
			buildActionMask = 2147483647;
			files = (
			);
			inputFileListPaths = (
			);
			inputPaths = (
				"$TEMP_DIR/rswift-lastrun",
			);
			name = R.swift;
			outputFileListPaths = (
			);
			outputPaths = (
				"$SRCROOT/V2EX-Swift/R.generated.swift",
			);
			runOnlyForDeploymentPostprocessing = 0;
			shellPath = /bin/sh;
			shellScript = "\"$PODS_ROOT/R.swift/rswift\" generate \"$SRCROOT/V2EX-Swift/R.generated.swift\"\n";
		};
		EA0121856865B9F381C4D4CE /* [CP] Check Pods Manifest.lock */ = {
			isa = PBXShellScriptBuildPhase;
			buildActionMask = 2147483647;
			files = (
			);
			inputFileListPaths = (
			);
			inputPaths = (
				"${PODS_PODFILE_DIR_PATH}/Podfile.lock",
				"${PODS_ROOT}/Manifest.lock",
			);
			name = "[CP] Check Pods Manifest.lock";
			outputFileListPaths = (
			);
			outputPaths = (
				"$(DERIVED_FILE_DIR)/Pods-V2EX-Swift-checkManifestLockResult.txt",
			);
			runOnlyForDeploymentPostprocessing = 0;
			shellPath = /bin/sh;
			shellScript = "diff \"${PODS_PODFILE_DIR_PATH}/Podfile.lock\" \"${PODS_ROOT}/Manifest.lock\" > /dev/null\nif [ $? != 0 ] ; then\n    # print error to STDERR\n    echo \"error: The sandbox is not in sync with the Podfile.lock. Run 'pod install' or update your CocoaPods installation.\" >&2\n    exit 1\nfi\n# This output is used by Xcode 'outputs' to avoid re-running this script phase.\necho \"SUCCESS\" > \"${SCRIPT_OUTPUT_FILE_0}\"\n";
			showEnvVarsInLog = 0;
		};
/* End PBXShellScriptBuildPhase section */

/* Begin PBXSourcesBuildPhase section */
		79296EC2257184990002FF68 /* Sources */ = {
			isa = PBXSourcesBuildPhase;
			buildActionMask = 2147483647;
			files = (
				793B509D25718CB70081C55E /* CollectionViewController.swift in Sources */,
				79B05F532571B9DE001339B0 /* MineViewController.swift in Sources */,
				79B05EFF2571B188001339B0 /* R.generated.swift in Sources */,
				79B05F5F2571BBB3001339B0 /* Runtime.swift in Sources */,
				79B05F622571BBBE001339B0 /* Router.swift in Sources */,
				79B05F6B2571BC87001339B0 /* UIApplicationExt.swift in Sources */,
				79B05F4D2571B94E001339B0 /* GeneralViewController.swift in Sources */,
				793B509325718BFB0081C55E /* AppDependency.swift in Sources */,
				793B509925718C8F0081C55E /* CollectionViewReactor.swift in Sources */,
				793B50B7257195AB0081C55E /* Theme.swift in Sources */,
				79B05F372571B57A001339B0 /* SupplementaryView.swift in Sources */,
				79B05F5C2571BBA7001339B0 /* Library.swift in Sources */,
				79296ECA257184990002FF68 /* AppDelegate.swift in Sources */,
				79B05F412571B5D8001339B0 /* SimpleCell.swift in Sources */,
				793B50B425718F290081C55E /* StorableExt.swift in Sources */,
				793B50A725718D820081C55E /* User.swift in Sources */,
				793B508525718B730081C55E /* Type.swift in Sources */,
				79B05F2E2571B4EC001339B0 /* CollectionItem.swift in Sources */,
				79B05F312571B52E001339B0 /* CollectionCell.swift in Sources */,
				79B05F562571BA58001339B0 /* TabBarReactor.swift in Sources */,
				79B05F6E2571BCCC001339B0 /* BaseViewControllerExt.swift in Sources */,
				79B05F342571B561001339B0 /* SupplementaryReactor.swift in Sources */,
				79B05F462571B68A001339B0 /* Section.swift in Sources */,
				793B50B125718E690081C55E /* HomeViewController.swift in Sources */,
				793B508825718B7E0081C55E /* Function.swift in Sources */,
				79B05F3B2571B5C9001339B0 /* SimpleItem.swift in Sources */,
				79B05F682571BBD6001339B0 /* Error.swift in Sources */,
				79B05F502571B9D2001339B0 /* MineViewReactor.swift in Sources */,
				79B05ECF2571AD87001339B0 /* OCHelper.m in Sources */,
				79B05F652571BBCA001339B0 /* Appearance.swift in Sources */,
				793B50AA25718DBD0081C55E /* Preference.swift in Sources */,
				79B05F592571BA64001339B0 /* TabBarController.swift in Sources */,
				79B05F4A2571B943001339B0 /* GeneralViewReactor.swift in Sources */,
				793B50A225718D0B0081C55E /* HomeViewReactor.swift in Sources */,
			);
			runOnlyForDeploymentPostprocessing = 0;
		};
/* End PBXSourcesBuildPhase section */

/* Begin PBXVariantGroup section */
		79296ED4257184990002FF68 /* LaunchScreen.storyboard */ = {
			isa = PBXVariantGroup;
			children = (
				79296ED5257184990002FF68 /* Base */,
			);
			name = LaunchScreen.storyboard;
			sourceTree = "<group>";
		};
/* End PBXVariantGroup section */

/* Begin XCBuildConfiguration section */
		79296ED8257184990002FF68 /* Debug */ = {
			isa = XCBuildConfiguration;
			buildSettings = {
				ALWAYS_SEARCH_USER_PATHS = NO;
				CLANG_ANALYZER_NONNULL = YES;
				CLANG_ANALYZER_NUMBER_OBJECT_CONVERSION = YES_AGGRESSIVE;
				CLANG_CXX_LANGUAGE_STANDARD = "gnu++14";
				CLANG_CXX_LIBRARY = "libc++";
				CLANG_ENABLE_MODULES = YES;
				CLANG_ENABLE_OBJC_ARC = YES;
				CLANG_ENABLE_OBJC_WEAK = YES;
				CLANG_WARN_BLOCK_CAPTURE_AUTORELEASING = YES;
				CLANG_WARN_BOOL_CONVERSION = YES;
				CLANG_WARN_COMMA = YES;
				CLANG_WARN_CONSTANT_CONVERSION = YES;
				CLANG_WARN_DEPRECATED_OBJC_IMPLEMENTATIONS = YES;
				CLANG_WARN_DIRECT_OBJC_ISA_USAGE = YES_ERROR;
				CLANG_WARN_DOCUMENTATION_COMMENTS = YES;
				CLANG_WARN_EMPTY_BODY = YES;
				CLANG_WARN_ENUM_CONVERSION = YES;
				CLANG_WARN_INFINITE_RECURSION = YES;
				CLANG_WARN_INT_CONVERSION = YES;
				CLANG_WARN_NON_LITERAL_NULL_CONVERSION = YES;
				CLANG_WARN_OBJC_IMPLICIT_RETAIN_SELF = YES;
				CLANG_WARN_OBJC_LITERAL_CONVERSION = YES;
				CLANG_WARN_OBJC_ROOT_CLASS = YES_ERROR;
				CLANG_WARN_QUOTED_INCLUDE_IN_FRAMEWORK_HEADER = YES;
				CLANG_WARN_RANGE_LOOP_ANALYSIS = YES;
				CLANG_WARN_STRICT_PROTOTYPES = YES;
				CLANG_WARN_SUSPICIOUS_MOVE = YES;
				CLANG_WARN_UNGUARDED_AVAILABILITY = YES_AGGRESSIVE;
				CLANG_WARN_UNREACHABLE_CODE = YES;
				CLANG_WARN__DUPLICATE_METHOD_MATCH = YES;
				COPY_PHASE_STRIP = NO;
				DEBUG_INFORMATION_FORMAT = dwarf;
				ENABLE_STRICT_OBJC_MSGSEND = YES;
				ENABLE_TESTABILITY = YES;
				GCC_C_LANGUAGE_STANDARD = gnu11;
				GCC_DYNAMIC_NO_PIC = NO;
				GCC_NO_COMMON_BLOCKS = YES;
				GCC_OPTIMIZATION_LEVEL = 0;
				GCC_PREPROCESSOR_DEFINITIONS = (
					"DEBUG=1",
					"$(inherited)",
				);
				GCC_WARN_64_TO_32_BIT_CONVERSION = YES;
				GCC_WARN_ABOUT_RETURN_TYPE = YES_ERROR;
				GCC_WARN_UNDECLARED_SELECTOR = YES;
				GCC_WARN_UNINITIALIZED_AUTOS = YES_AGGRESSIVE;
				GCC_WARN_UNUSED_FUNCTION = YES;
				GCC_WARN_UNUSED_VARIABLE = YES;
				IPHONEOS_DEPLOYMENT_TARGET = 14.2;
				MTL_ENABLE_DEBUG_INFO = INCLUDE_SOURCE;
				MTL_FAST_MATH = YES;
				ONLY_ACTIVE_ARCH = YES;
				SDKROOT = iphoneos;
				SWIFT_ACTIVE_COMPILATION_CONDITIONS = DEBUG;
				SWIFT_OPTIMIZATION_LEVEL = "-Onone";
			};
			name = Debug;
		};
		79296ED9257184990002FF68 /* Release */ = {
			isa = XCBuildConfiguration;
			buildSettings = {
				ALWAYS_SEARCH_USER_PATHS = NO;
				CLANG_ANALYZER_NONNULL = YES;
				CLANG_ANALYZER_NUMBER_OBJECT_CONVERSION = YES_AGGRESSIVE;
				CLANG_CXX_LANGUAGE_STANDARD = "gnu++14";
				CLANG_CXX_LIBRARY = "libc++";
				CLANG_ENABLE_MODULES = YES;
				CLANG_ENABLE_OBJC_ARC = YES;
				CLANG_ENABLE_OBJC_WEAK = YES;
				CLANG_WARN_BLOCK_CAPTURE_AUTORELEASING = YES;
				CLANG_WARN_BOOL_CONVERSION = YES;
				CLANG_WARN_COMMA = YES;
				CLANG_WARN_CONSTANT_CONVERSION = YES;
				CLANG_WARN_DEPRECATED_OBJC_IMPLEMENTATIONS = YES;
				CLANG_WARN_DIRECT_OBJC_ISA_USAGE = YES_ERROR;
				CLANG_WARN_DOCUMENTATION_COMMENTS = YES;
				CLANG_WARN_EMPTY_BODY = YES;
				CLANG_WARN_ENUM_CONVERSION = YES;
				CLANG_WARN_INFINITE_RECURSION = YES;
				CLANG_WARN_INT_CONVERSION = YES;
				CLANG_WARN_NON_LITERAL_NULL_CONVERSION = YES;
				CLANG_WARN_OBJC_IMPLICIT_RETAIN_SELF = YES;
				CLANG_WARN_OBJC_LITERAL_CONVERSION = YES;
				CLANG_WARN_OBJC_ROOT_CLASS = YES_ERROR;
				CLANG_WARN_QUOTED_INCLUDE_IN_FRAMEWORK_HEADER = YES;
				CLANG_WARN_RANGE_LOOP_ANALYSIS = YES;
				CLANG_WARN_STRICT_PROTOTYPES = YES;
				CLANG_WARN_SUSPICIOUS_MOVE = YES;
				CLANG_WARN_UNGUARDED_AVAILABILITY = YES_AGGRESSIVE;
				CLANG_WARN_UNREACHABLE_CODE = YES;
				CLANG_WARN__DUPLICATE_METHOD_MATCH = YES;
				COPY_PHASE_STRIP = NO;
				DEBUG_INFORMATION_FORMAT = "dwarf-with-dsym";
				ENABLE_NS_ASSERTIONS = NO;
				ENABLE_STRICT_OBJC_MSGSEND = YES;
				GCC_C_LANGUAGE_STANDARD = gnu11;
				GCC_NO_COMMON_BLOCKS = YES;
				GCC_WARN_64_TO_32_BIT_CONVERSION = YES;
				GCC_WARN_ABOUT_RETURN_TYPE = YES_ERROR;
				GCC_WARN_UNDECLARED_SELECTOR = YES;
				GCC_WARN_UNINITIALIZED_AUTOS = YES_AGGRESSIVE;
				GCC_WARN_UNUSED_FUNCTION = YES;
				GCC_WARN_UNUSED_VARIABLE = YES;
				IPHONEOS_DEPLOYMENT_TARGET = 14.2;
				MTL_ENABLE_DEBUG_INFO = NO;
				MTL_FAST_MATH = YES;
				SDKROOT = iphoneos;
				SWIFT_COMPILATION_MODE = wholemodule;
				SWIFT_OPTIMIZATION_LEVEL = "-O";
				VALIDATE_PRODUCT = YES;
			};
			name = Release;
		};
		79296EDB257184990002FF68 /* Debug */ = {
			isa = XCBuildConfiguration;
			baseConfigurationReference = F35B22B7183BD34C3CECFD48 /* Pods-V2EX-Swift.debug.xcconfig */;
			buildSettings = {
				ASSETCATALOG_COMPILER_APPICON_NAME = AppIcon;
				ASSETCATALOG_COMPILER_GLOBAL_ACCENT_COLOR_NAME = AccentColor;
				CODE_SIGN_STYLE = Automatic;
				DEVELOPMENT_TEAM = WDE622528T;
				INFOPLIST_FILE = "V2EX-Swift/Info.plist";
				IPHONEOS_DEPLOYMENT_TARGET = 11.0;
				LD_RUNPATH_SEARCH_PATHS = (
					"$(inherited)",
					"@executable_path/Frameworks",
				);
				MARKETING_VERSION = 1.0.0;
				PRODUCT_BUNDLE_IDENTIFIER = com.tospery.v2exswift;
				PRODUCT_NAME = "$(TARGET_NAME)";
				SWIFT_OBJC_BRIDGING_HEADER = "$(SRCROOT)/$(PROJECT_NAME)/OC-Bridging-Header.h";
				SWIFT_VERSION = 5.0;
				TARGETED_DEVICE_FAMILY = 1;
			};
			name = Debug;
		};
		79296EDC257184990002FF68 /* Release */ = {
			isa = XCBuildConfiguration;
			baseConfigurationReference = E90E31DD998B17882177ED44 /* Pods-V2EX-Swift.release.xcconfig */;
			buildSettings = {
				ASSETCATALOG_COMPILER_APPICON_NAME = AppIcon;
				ASSETCATALOG_COMPILER_GLOBAL_ACCENT_COLOR_NAME = AccentColor;
				CODE_SIGN_STYLE = Automatic;
				DEVELOPMENT_TEAM = WDE622528T;
				INFOPLIST_FILE = "V2EX-Swift/Info.plist";
				IPHONEOS_DEPLOYMENT_TARGET = 11.0;
				LD_RUNPATH_SEARCH_PATHS = (
					"$(inherited)",
					"@executable_path/Frameworks",
				);
				MARKETING_VERSION = 1.0.0;
				PRODUCT_BUNDLE_IDENTIFIER = com.tospery.v2exswift;
				PRODUCT_NAME = "$(TARGET_NAME)";
				SWIFT_OBJC_BRIDGING_HEADER = "$(SRCROOT)/$(PROJECT_NAME)/OC-Bridging-Header.h";
				SWIFT_VERSION = 5.0;
				TARGETED_DEVICE_FAMILY = 1;
			};
			name = Release;
		};
/* End XCBuildConfiguration section */

/* Begin XCConfigurationList section */
		79296EC1257184990002FF68 /* Build configuration list for PBXProject "V2EX-Swift" */ = {
			isa = XCConfigurationList;
			buildConfigurations = (
				79296ED8257184990002FF68 /* Debug */,
				79296ED9257184990002FF68 /* Release */,
			);
			defaultConfigurationIsVisible = 0;
			defaultConfigurationName = Release;
		};
		79296EDA257184990002FF68 /* Build configuration list for PBXNativeTarget "V2EX-Swift" */ = {
			isa = XCConfigurationList;
			buildConfigurations = (
				79296EDB257184990002FF68 /* Debug */,
				79296EDC257184990002FF68 /* Release */,
			);
			defaultConfigurationIsVisible = 0;
			defaultConfigurationName = Release;
		};
/* End XCConfigurationList section */
	};
	rootObject = 79296EBE257184990002FF68 /* Project object */;
}
